
Microsoft Visual Studio Solution File, Format Version 12.00
# Visual Studio Version 16
VisualStudioVersion = 16.0.31025.109
MinimumVisualStudioVersion = 10.0.40219.1
Project("{FAE04EC0-301F-11D3-BF4B-00C04F79EFBC}") = "webapp-msi-mgmtapi-dotnet", "webapp-msi-mgmtapi-dotnet\webapp-msi-mgmtapi-dotnet.csproj", "{605A67E4-D97E-4DA4-A28C-33164E50F2F2}"
EndProject
Global
	GlobalSection(SolutionConfigurationPlatforms) = preSolution
		Debug|Any CPU = Debug|Any CPU
		Release|Any CPU = Release|Any CPU
	EndGlobalSection
	GlobalSection(ProjectConfigurationPlatforms) = postSolution
		{605A67E4-D97E-4DA4-A28C-33164E50F2F2}.Debug|Any CPU.ActiveCfg = Debug|Any CPU
		{605A67E4-D97E-4DA4-A28C-33164E50F2F2}.Debug|Any CPU.Build.0 = Debug|Any CPU
		{605A67E4-D97E-4DA4-A28C-33164E50F2F2}.Release|Any CPU.ActiveCfg = Release|Any CPU
		{605A67E4-D97E-4DA4-A28C-33164E50F2F2}.Release|Any CPU.Build.0 = Release|Any CPU
	EndGlobalSection
	GlobalSection(SolutionProperties) = preSolution
		HideSolutionNode = FALSE
	EndGlobalSection
	GlobalSection(ExtensibilityGlobals) = postSolution
		SolutionGuid = {69AC9F6B-C181-400C-B24D-EB2D3867433A}
	EndGlobalSection
EndGlobal
